
Microsoft Visual Studio Solution File, Format Version 12.00
# Visual Studio Version 16
VisualStudioVersion = 16.0.28917.181
MinimumVisualStudioVersion = 10.0.40219.1
Project("{FAE04EC0-301F-11D3-BF4B-00C04F79EFBC}") = "FFCodeChallenge", "FFCodeChallenge\FFCodeChallenge.csproj", "{3D9EDD85-B04A-4440-AE31-7C71073019D3}"
EndProject
Project("{FAE04EC0-301F-11D3-BF4B-00C04F79EFBC}") = "FFCodeChallenge.XUnit", "FFCodeChallenge.XUnit\FFCodeChallenge.XUnit.csproj", "{2F0398DB-715C-435D-9E4D-CEEF8E0CA310}"
EndProject
Global
	GlobalSection(SolutionConfigurationPlatforms) = preSolution
		Debug|Any CPU = Debug|Any CPU
		Release|Any CPU = Release|Any CPU
	EndGlobalSection
	GlobalSection(ProjectConfigurationPlatforms) = postSolution
		{3D9EDD85-B04A-4440-AE31-7C71073019D3}.Debug|Any CPU.ActiveCfg = Debug|Any CPU
		{3D9EDD85-B04A-4440-AE31-7C71073019D3}.Debug|Any CPU.Build.0 = Debug|Any CPU
		{3D9EDD85-B04A-4440-AE31-7C71073019D3}.Release|Any CPU.ActiveCfg = Release|Any CPU
		{3D9EDD85-B04A-4440-AE31-7C71073019D3}.Release|Any CPU.Build.0 = Release|Any CPU
		{2F0398DB-715C-435D-9E4D-CEEF8E0CA310}.Debug|Any CPU.ActiveCfg = Debug|Any CPU
		{2F0398DB-715C-435D-9E4D-CEEF8E0CA310}.Debug|Any CPU.Build.0 = Debug|Any CPU
		{2F0398DB-715C-435D-9E4D-CEEF8E0CA310}.Release|Any CPU.ActiveCfg = Release|Any CPU
		{2F0398DB-715C-435D-9E4D-CEEF8E0CA310}.Release|Any CPU.Build.0 = Release|Any CPU
	EndGlobalSection
	GlobalSection(SolutionProperties) = preSolution
		HideSolutionNode = FALSE
	EndGlobalSection
	GlobalSection(ExtensibilityGlobals) = postSolution
		SolutionGuid = {711956F6-5EEC-424F-9DD0-9C855A10E9C7}
	EndGlobalSection
EndGlobal
